// !$*UTF8*$!
{
	archiveVersion = 1;
	classes = {
	};
	objectVersion = 50;
	objects = {

/* Begin PBXBuildFile section */
		69D389D8224014B700756740 /* AppDelegate.swift in Sources */ = {isa = PBXBuildFile; fileRef = 69D389D7224014B700756740 /* AppDelegate.swift */; };
		69D389DA224014B700756740 /* ViewController.swift in Sources */ = {isa = PBXBuildFile; fileRef = 69D389D9224014B700756740 /* ViewController.swift */; };
		69D389DD224014B700756740 /* Main.storyboard in Resources */ = {isa = PBXBuildFile; fileRef = 69D389DB224014B700756740 /* Main.storyboard */; };
		69D389DF224014B900756740 /* Assets.xcassets in Resources */ = {isa = PBXBuildFile; fileRef = 69D389DE224014B900756740 /* Assets.xcassets */; };
		69D389E2224014B900756740 /* LaunchScreen.storyboard in Resources */ = {isa = PBXBuildFile; fileRef = 69D389E0224014B900756740 /* LaunchScreen.storyboard */; };
		69D389ED224014B900756740 /* CodingChallengesTests.swift in Sources */ = {isa = PBXBuildFile; fileRef = 69D389EC224014B900756740 /* CodingChallengesTests.swift */; };
		69D389F9224014DA00756740 /* Challenge1.swift in Sources */ = {isa = PBXBuildFile; fileRef = 69D389F8224014DA00756740 /* Challenge1.swift */; };
		69D389FB2240154000756740 /* Challenge1Test.swift in Sources */ = {isa = PBXBuildFile; fileRef = 69D389FA2240154000756740 /* Challenge1Test.swift */; };
/* End PBXBuildFile section */

/* Begin PBXContainerItemProxy section */
		69D389E9224014B900756740 /* PBXContainerItemProxy */ = {
			isa = PBXContainerItemProxy;
			containerPortal = 69D389CC224014B700756740 /* Project object */;
			proxyType = 1;
			remoteGlobalIDString = 69D389D3224014B700756740;
			remoteInfo = CodingChallenges;
		};
/* End PBXContainerItemProxy section */

/* Begin PBXFileReference section */
		69D389D4224014B700756740 /* CodingChallenges.app */ = {isa = PBXFileReference; explicitFileType = wrapper.application; includeInIndex = 0; path = CodingChallenges.app; sourceTree = BUILT_PRODUCTS_DIR; };
		69D389D7224014B700756740 /* AppDelegate.swift */ = {isa = PBXFileReference; lastKnownFileType = sourcecode.swift; path = AppDelegate.swift; sourceTree = "<group>"; };
		69D389D9224014B700756740 /* ViewController.swift */ = {isa = PBXFileReference; lastKnownFileType = sourcecode.swift; path = ViewController.swift; sourceTree = "<group>"; };
		69D389DC224014B700756740 /* Base */ = {isa = PBXFileReference; lastKnownFileType = file.storyboard; name = Base; path = Base.lproj/Main.storyboard; sourceTree = "<group>"; };
		69D389DE224014B900756740 /* Assets.xcassets */ = {isa = PBXFileReference; lastKnownFileType = folder.assetcatalog; path = Assets.xcassets; sourceTree = "<group>"; };
		69D389E1224014B900756740 /* Base */ = {isa = PBXFileReference; lastKnownFileType = file.storyboard; name = Base; path = Base.lproj/LaunchScreen.storyboard; sourceTree = "<group>"; };
		69D389E3224014B900756740 /* Info.plist */ = {isa = PBXFileReference; lastKnownFileType = text.plist.xml; path = Info.plist; sourceTree = "<group>"; };
		69D389E8224014B900756740 /* CodingChallengesTests.xctest */ = {isa = PBXFileReference; explicitFileType = wrapper.cfbundle; includeInIndex = 0; path = CodingChallengesTests.xctest; sourceTree = BUILT_PRODUCTS_DIR; };
		69D389EC224014B900756740 /* CodingChallengesTests.swift */ = {isa = PBXFileReference; lastKnownFileType = sourcecode.swift; path = CodingChallengesTests.swift; sourceTree = "<group>"; };
		69D389EE224014B900756740 /* Info.plist */ = {isa = PBXFileReference; lastKnownFileType = text.plist.xml; path = Info.plist; sourceTree = "<group>"; };
		69D389F8224014DA00756740 /* Challenge1.swift */ = {isa = PBXFileReference; lastKnownFileType = sourcecode.swift; path = Challenge1.swift; sourceTree = "<group>"; };
		69D389FA2240154000756740 /* Challenge1Test.swift */ = {isa = PBXFileReference; lastKnownFileType = sourcecode.swift; path = Challenge1Test.swift; sourceTree = "<group>"; };
/* End PBXFileReference section */

/* Begin PBXFrameworksBuildPhase section */
		69D389D1224014B700756740 /* Frameworks */ = {
			isa = PBXFrameworksBuildPhase;
			buildActionMask = 2147483647;
			files = (
			);
			runOnlyForDeploymentPostprocessing = 0;
		};
		69D389E5224014B900756740 /* Frameworks */ = {
			isa = PBXFrameworksBuildPhase;
			buildActionMask = 2147483647;
			files = (
			);
			runOnlyForDeploymentPostprocessing = 0;
		};
/* End PBXFrameworksBuildPhase section */

/* Begin PBXGroup section */
		69D389CB224014B700756740 = {
			isa = PBXGroup;
			children = (
				69D389D6224014B700756740 /* CodingChallenges */,
				69D389EB224014B900756740 /* CodingChallengesTests */,
				69D389D5224014B700756740 /* Products */,
			);
			sourceTree = "<group>";
		};
		69D389D5224014B700756740 /* Products */ = {
			isa = PBXGroup;
			children = (
				69D389D4224014B700756740 /* CodingChallenges.app */,
				69D389E8224014B900756740 /* CodingChallengesTests.xctest */,
			);
			name = Products;
			sourceTree = "<group>";
		};
		69D389D6224014B700756740 /* CodingChallenges */ = {
			isa = PBXGroup;
			children = (
				69D389F7224014C800756740 /* Chapter1 */,
				69D389D7224014B700756740 /* AppDelegate.swift */,
				69D389D9224014B700756740 /* ViewController.swift */,
				69D389DB224014B700756740 /* Main.storyboard */,
				69D389DE224014B900756740 /* Assets.xcassets */,
				69D389E0224014B900756740 /* LaunchScreen.storyboard */,
				69D389E3224014B900756740 /* Info.plist */,
			);
			path = CodingChallenges;
			sourceTree = "<group>";
		};
		69D389EB224014B900756740 /* CodingChallengesTests */ = {
			isa = PBXGroup;
			children = (
				69D389EC224014B900756740 /* CodingChallengesTests.swift */,
				69D389EE224014B900756740 /* Info.plist */,
				69D389FA2240154000756740 /* Challenge1Test.swift */,
			);
			path = CodingChallengesTests;
			sourceTree = "<group>";
		};
		69D389F7224014C800756740 /* Chapter1 */ = {
			isa = PBXGroup;
			children = (
				69D389F8224014DA00756740 /* Challenge1.swift */,
			);
			path = Chapter1;
			sourceTree = "<group>";
		};
/* End PBXGroup section */

/* Begin PBXNativeTarget section */
		69D389D3224014B700756740 /* CodingChallenges */ = {
			isa = PBXNativeTarget;
			buildConfigurationList = 69D389F1224014B900756740 /* Build configuration list for PBXNativeTarget "CodingChallenges" */;
			buildPhases = (
				69D389D0224014B700756740 /* Sources */,
				69D389D1224014B700756740 /* Frameworks */,
				69D389D2224014B700756740 /* Resources */,
			);
			buildRules = (
			);
			dependencies = (
			);
			name = CodingChallenges;
			productName = CodingChallenges;
			productReference = 69D389D4224014B700756740 /* CodingChallenges.app */;
			productType = "com.apple.product-type.application";
		};
		69D389E7224014B900756740 /* CodingChallengesTests */ = {
			isa = PBXNativeTarget;
			buildConfigurationList = 69D389F4224014B900756740 /* Build configuration list for PBXNativeTarget "CodingChallengesTests" */;
			buildPhases = (
				69D389E4224014B900756740 /* Sources */,
				69D389E5224014B900756740 /* Frameworks */,
				69D389E6224014B900756740 /* Resources */,
			);
			buildRules = (
			);
			dependencies = (
				69D389EA224014B900756740 /* PBXTargetDependency */,
			);
			name = CodingChallengesTests;
			productName = CodingChallengesTests;
			productReference = 69D389E8224014B900756740 /* CodingChallengesTests.xctest */;
			productType = "com.apple.product-type.bundle.unit-test";
		};
/* End PBXNativeTarget section */

/* Begin PBXProject section */
		69D389CC224014B700756740 /* Project object */ = {
			isa = PBXProject;
			attributes = {
				LastSwiftUpdateCheck = 1010;
				LastUpgradeCheck = 1010;
				ORGANIZATIONNAME = "Oliver Gerhardt";
				TargetAttributes = {
					69D389D3224014B700756740 = {
						CreatedOnToolsVersion = 10.1;
					};
					69D389E7224014B900756740 = {
						CreatedOnToolsVersion = 10.1;
						TestTargetID = 69D389D3224014B700756740;
					};
				};
			};
			buildConfigurationList = 69D389CF224014B700756740 /* Build configuration list for PBXProject "CodingChallenges" */;
			compatibilityVersion = "Xcode 9.3";
			developmentRegion = en;
			hasScannedForEncodings = 0;
			knownRegions = (
				en,
				Base,
			);
			mainGroup = 69D389CB224014B700756740;
			productRefGroup = 69D389D5224014B700756740 /* Products */;
			projectDirPath = "";
			projectRoot = "";
			targets = (
				69D389D3224014B700756740 /* CodingChallenges */,
				69D389E7224014B900756740 /* CodingChallengesTests */,
			);
		};
/* End PBXProject section */

/* Begin PBXResourcesBuildPhase section */
		69D389D2224014B700756740 /* Resources */ = {
			isa = PBXResourcesBuildPhase;
			buildActionMask = 2147483647;
			files = (
				69D389E2224014B900756740 /* LaunchScreen.storyboard in Resources */,
				69D389DF224014B900756740 /* Assets.xcassets in Resources */,
				69D389DD224014B700756740 /* Main.storyboard in Resources */,
			);
			runOnlyForDeploymentPostprocessing = 0;
		};
		69D389E6224014B900756740 /* Resources */ = {
			isa = PBXResourcesBuildPhase;
			buildActionMask = 2147483647;
			files = (
			);
			runOnlyForDeploymentPostprocessing = 0;
		};
/* End PBXResourcesBuildPhase section */

/* Begin PBXSourcesBuildPhase section */
		69D389D0224014B700756740 /* Sources */ = {
			isa = PBXSourcesBuildPhase;
			buildActionMask = 2147483647;
			files = (
				69D389F9224014DA00756740 /* Challenge1.swift in Sources */,
				69D389DA224014B700756740 /* ViewController.swift in Sources */,
				69D389D8224014B700756740 /* AppDelegate.swift in Sources */,
			);
			runOnlyForDeploymentPostprocessing = 0;
		};
		69D389E4224014B900756740 /* Sources */ = {
			isa = PBXSourcesBuildPhase;
			buildActionMask = 2147483647;
			files = (
				69D389ED224014B900756740 /* CodingChallengesTests.swift in Sources */,
				69D389FB2240154000756740 /* Challenge1Test.swift in Sources */,
			);
			runOnlyForDeploymentPostprocessing = 0;
		};
/* End PBXSourcesBuildPhase section */

/* Begin PBXTargetDependency section */
		69D389EA224014B900756740 /* PBXTargetDependency */ = {
			isa = PBXTargetDependency;
			target = 69D389D3224014B700756740 /* CodingChallenges */;
			targetProxy = 69D389E9224014B900756740 /* PBXContainerItemProxy */;
		};
/* End PBXTargetDependency section */

/* Begin PBXVariantGroup section */
		69D389DB224014B700756740 /* Main.storyboard */ = {
			isa = PBXVariantGroup;
			children = (
				69D389DC224014B700756740 /* Base */,
			);
			name = Main.storyboard;
			sourceTree = "<group>";
		};
		69D389E0224014B900756740 /* LaunchScreen.storyboard */ = {
			isa = PBXVariantGroup;
			children = (
				69D389E1224014B900756740 /* Base */,
			);
			name = LaunchScreen.storyboard;
			sourceTree = "<group>";
		};
/* End PBXVariantGroup section */

/* Begin XCBuildConfiguration section */
		69D389EF224014B900756740 /* Debug */ = {
			isa = XCBuildConfiguration;
			buildSettings = {
				ALWAYS_SEARCH_USER_PATHS = NO;
				CLANG_ANALYZER_NONNULL = YES;
				CLANG_ANALYZER_NUMBER_OBJECT_CONVERSION = YES_AGGRESSIVE;
				CLANG_CXX_LANGUAGE_STANDARD = "gnu++14";
				CLANG_CXX_LIBRARY = "libc++";
				CLANG_ENABLE_MODULES = YES;
				CLANG_ENABLE_OBJC_ARC = YES;
				CLANG_ENABLE_OBJC_WEAK = YES;
				CLANG_WARN_BLOCK_CAPTURE_AUTORELEASING = YES;
				CLANG_WARN_BOOL_CONVERSION = YES;
				CLANG_WARN_COMMA = YES;
				CLANG_WARN_CONSTANT_CONVERSION = YES;
				CLANG_WARN_DEPRECATED_OBJC_IMPLEMENTATIONS = YES;
				CLANG_WARN_DIRECT_OBJC_ISA_USAGE = YES_ERROR;
				CLANG_WARN_DOCUMENTATION_COMMENTS = YES;
				CLANG_WARN_EMPTY_BODY = YES;
				CLANG_WARN_ENUM_CONVERSION = YES;
				CLANG_WARN_INFINITE_RECURSION = YES;
				CLANG_WARN_INT_CONVERSION = YES;
				CLANG_WARN_NON_LITERAL_NULL_CONVERSION = YES;
				CLANG_WARN_OBJC_IMPLICIT_RETAIN_SELF = YES;
				CLANG_WARN_OBJC_LITERAL_CONVERSION = YES;
				CLANG_WARN_OBJC_ROOT_CLASS = YES_ERROR;
				CLANG_WARN_RANGE_LOOP_ANALYSIS = YES;
				CLANG_WARN_STRICT_PROTOTYPES = YES;
				CLANG_WARN_SUSPICIOUS_MOVE = YES;
				CLANG_WARN_UNGUARDED_AVAILABILITY = YES_AGGRESSIVE;
				CLANG_WARN_UNREACHABLE_CODE = YES;
				CLANG_WARN__DUPLICATE_METHOD_MATCH = YES;
				CODE_SIGN_IDENTITY = "iPhone Developer";
				COPY_PHASE_STRIP = NO;
				DEBUG_INFORMATION_FORMAT = dwarf;
				ENABLE_STRICT_OBJC_MSGSEND = YES;
				ENABLE_TESTABILITY = YES;
				GCC_C_LANGUAGE_STANDARD = gnu11;
				GCC_DYNAMIC_NO_PIC = NO;
				GCC_NO_COMMON_BLOCKS = YES;
				GCC_OPTIMIZATION_LEVEL = 0;
				GCC_PREPROCESSOR_DEFINITIONS = (
					"DEBUG=1",
					"$(inherited)",
				);
				GCC_WARN_64_TO_32_BIT_CONVERSION = YES;
				GCC_WARN_ABOUT_RETURN_TYPE = YES_ERROR;
				GCC_WARN_UNDECLARED_SELECTOR = YES;
				GCC_WARN_UNINITIALIZED_AUTOS = YES_AGGRESSIVE;
				GCC_WARN_UNUSED_FUNCTION = YES;
				GCC_WARN_UNUSED_VARIABLE = YES;
				IPHONEOS_DEPLOYMENT_TARGET = 12.1;
				MTL_ENABLE_DEBUG_INFO = INCLUDE_SOURCE;
				MTL_FAST_MATH = YES;
				ONLY_ACTIVE_ARCH = YES;
				SDKROOT = iphoneos;
				SWIFT_ACTIVE_COMPILATION_CONDITIONS = DEBUG;
				SWIFT_OPTIMIZATION_LEVEL = "-Onone";
			};
			name = Debug;
		};
		69D389F0224014B900756740 /* Release */ = {
			isa = XCBuildConfiguration;
			buildSettings = {
				ALWAYS_SEARCH_USER_PATHS = NO;
				CLANG_ANALYZER_NONNULL = YES;
				CLANG_ANALYZER_NUMBER_OBJECT_CONVERSION = YES_AGGRESSIVE;
				CLANG_CXX_LANGUAGE_STANDARD = "gnu++14";
				CLANG_CXX_LIBRARY = "libc++";
				CLANG_ENABLE_MODULES = YES;
				CLANG_ENABLE_OBJC_ARC = YES;
				CLANG_ENABLE_OBJC_WEAK = YES;
				CLANG_WARN_BLOCK_CAPTURE_AUTORELEASING = YES;
				CLANG_WARN_BOOL_CONVERSION = YES;
				CLANG_WARN_COMMA = YES;
				CLANG_WARN_CONSTANT_CONVERSION = YES;
				CLANG_WARN_DEPRECATED_OBJC_IMPLEMENTATIONS = YES;
				CLANG_WARN_DIRECT_OBJC_ISA_USAGE = YES_ERROR;
				CLANG_WARN_DOCUMENTATION_COMMENTS = YES;
				CLANG_WARN_EMPTY_BODY = YES;
				CLANG_WARN_ENUM_CONVERSION = YES;
				CLANG_WARN_INFINITE_RECURSION = YES;
				CLANG_WARN_INT_CONVERSION = YES;
				CLANG_WARN_NON_LITERAL_NULL_CONVERSION = YES;
				CLANG_WARN_OBJC_IMPLICIT_RETAIN_SELF = YES;
				CLANG_WARN_OBJC_LITERAL_CONVERSION = YES;
				CLANG_WARN_OBJC_ROOT_CLASS = YES_ERROR;
				CLANG_WARN_RANGE_LOOP_ANALYSIS = YES;
				CLANG_WARN_STRICT_PROTOTYPES = YES;
				CLANG_WARN_SUSPICIOUS_MOVE = YES;
				CLANG_WARN_UNGUARDED_AVAILABILITY = YES_AGGRESSIVE;
				CLANG_WARN_UNREACHABLE_CODE = YES;
				CLANG_WARN__DUPLICATE_METHOD_MATCH = YES;
				CODE_SIGN_IDENTITY = "iPhone Developer";
				COPY_PHASE_STRIP = NO;
				DEBUG_INFORMATION_FORMAT = "dwarf-with-dsym";
				ENABLE_NS_ASSERTIONS = NO;
				ENABLE_STRICT_OBJC_MSGSEND = YES;
				GCC_C_LANGUAGE_STANDARD = gnu11;
				GCC_NO_COMMON_BLOCKS = YES;
				GCC_WARN_64_TO_32_BIT_CONVERSION = YES;
				GCC_WARN_ABOUT_RETURN_TYPE = YES_ERROR;
				GCC_WARN_UNDECLARED_SELECTOR = YES;
				GCC_WARN_UNINITIALIZED_AUTOS = YES_AGGRESSIVE;
				GCC_WARN_UNUSED_FUNCTION = YES;
				GCC_WARN_UNUSED_VARIABLE = YES;
				IPHONEOS_DEPLOYMENT_TARGET = 12.1;
				MTL_ENABLE_DEBUG_INFO = NO;
				MTL_FAST_MATH = YES;
				SDKROOT = iphoneos;
				SWIFT_COMPILATION_MODE = wholemodule;
				SWIFT_OPTIMIZATION_LEVEL = "-O";
				VALIDATE_PRODUCT = YES;
			};
			name = Release;
		};
		69D389F2224014B900756740 /* Debug */ = {
			isa = XCBuildConfiguration;
			buildSettings = {
				ASSETCATALOG_COMPILER_APPICON_NAME = AppIcon;
				CODE_SIGN_STYLE = Automatic;
				DEVELOPMENT_TEAM = 2JD74HM2AH;
				INFOPLIST_FILE = CodingChallenges/Info.plist;
				LD_RUNPATH_SEARCH_PATHS = (
					"$(inherited)",
					"@executable_path/Frameworks",
				);
				PRODUCT_BUNDLE_IDENTIFIER = "com.oliver-gerhardt.CodingChallenges";
				PRODUCT_NAME = "$(TARGET_NAME)";
				SWIFT_VERSION = 4.2;
				TARGETED_DEVICE_FAMILY = "1,2";
			};
			name = Debug;
		};
		69D389F3224014B900756740 /* Release */ = {
			isa = XCBuildConfiguration;
			buildSettings = {
				ASSETCATALOG_COMPILER_APPICON_NAME = AppIcon;
				CODE_SIGN_STYLE = Automatic;
				DEVELOPMENT_TEAM = 2JD74HM2AH;
				INFOPLIST_FILE = CodingChallenges/Info.plist;
				LD_RUNPATH_SEARCH_PATHS = (
					"$(inherited)",
					"@executable_path/Frameworks",
				);
				PRODUCT_BUNDLE_IDENTIFIER = "com.oliver-gerhardt.CodingChallenges";
				PRODUCT_NAME = "$(TARGET_NAME)";
				SWIFT_VERSION = 4.2;
				TARGETED_DEVICE_FAMILY = "1,2";
			};
			name = Release;
		};
		69D389F5224014B900756740 /* Debug */ = {
			isa = XCBuildConfiguration;
			buildSettings = {
				ALWAYS_EMBED_SWIFT_STANDARD_LIBRARIES = YES;
				BUNDLE_LOADER = "$(TEST_HOST)";
				CODE_SIGN_STYLE = Automatic;
				DEVELOPMENT_TEAM = 2JD74HM2AH;
				INFOPLIST_FILE = CodingChallengesTests/Info.plist;
				LD_RUNPATH_SEARCH_PATHS = (
					"$(inherited)",
					"@executable_path/Frameworks",
					"@loader_path/Frameworks",
				);
				PRODUCT_BUNDLE_IDENTIFIER = "com.oliver-gerhardt.CodingChallengesTests";
				PRODUCT_NAME = "$(TARGET_NAME)";
				SWIFT_VERSION = 4.2;
				TARGETED_DEVICE_FAMILY = "1,2";
				TEST_HOST = "$(BUILT_PRODUCTS_DIR)/CodingChallenges.app/CodingChallenges";
			};
			name = Debug;
		};
		69D389F6224014B900756740 /* Release */ = {
			isa = XCBuildConfiguration;
			buildSettings = {
				ALWAYS_EMBED_SWIFT_STANDARD_LIBRARIES = YES;
				BUNDLE_LOADER = "$(TEST_HOST)";
				CODE_SIGN_STYLE = Automatic;
				DEVELOPMENT_TEAM = 2JD74HM2AH;
				INFOPLIST_FILE = CodingChallengesTests/Info.plist;
				LD_RUNPATH_SEARCH_PATHS = (
					"$(inherited)",
					"@executable_path/Frameworks",
					"@loader_path/Frameworks",
				);
				PRODUCT_BUNDLE_IDENTIFIER = "com.oliver-gerhardt.CodingChallengesTests";
				PRODUCT_NAME = "$(TARGET_NAME)";
				SWIFT_VERSION = 4.2;
				TARGETED_DEVICE_FAMILY = "1,2";
				TEST_HOST = "$(BUILT_PRODUCTS_DIR)/CodingChallenges.app/CodingChallenges";
			};
			name = Release;
		};
/* End XCBuildConfiguration section */

/* Begin XCConfigurationList section */
		69D389CF224014B700756740 /* Build configuration list for PBXProject "CodingChallenges" */ = {
			isa = XCConfigurationList;
			buildConfigurations = (
				69D389EF224014B900756740 /* Debug */,
				69D389F0224014B900756740 /* Release */,
			);
			defaultConfigurationIsVisible = 0;
			defaultConfigurationName = Release;
		};
		69D389F1224014B900756740 /* Build configuration list for PBXNativeTarget "CodingChallenges" */ = {
			isa = XCConfigurationList;
			buildConfigurations = (
				69D389F2224014B900756740 /* Debug */,
				69D389F3224014B900756740 /* Release */,
			);
			defaultConfigurationIsVisible = 0;
			defaultConfigurationName = Release;
		};
		69D389F4224014B900756740 /* Build configuration list for PBXNativeTarget "CodingChallengesTests" */ = {
			isa = XCConfigurationList;
			buildConfigurations = (
				69D389F5224014B900756740 /* Debug */,
				69D389F6224014B900756740 /* Release */,
			);
			defaultConfigurationIsVisible = 0;
			defaultConfigurationName = Release;
		};
/* End XCConfigurationList section */
	};
	rootObject = 69D389CC224014B700756740 /* Project object */;
}
